# THIS IS AN AUTOGENERATED FILE. DO NOT EDIT THIS FILE DIRECTLY.
# yarn lockfile v1


"@types/node@^12.11.7":
  version "12.12.29"
  resolved "https://registry.yarnpkg.com/@types/node/-/node-12.12.29.tgz#46275f028b4e463b9ac5fefc1d08bc66cc193f25"
  integrity sha512-yo8Qz0ygADGFptISDj3pOC9wXfln/5pQaN/ysDIzOaAWXt73cNHmtEC8zSO2Y+kse/txmwIAJzkYZ5fooaS5DQ==

"@types/vscode@^1.42.0":
  version "1.42.0"
  resolved "https://registry.yarnpkg.com/@types/vscode/-/vscode-1.42.0.tgz#0ad891a9487e91e34be7c56985058a179031eb76"
  integrity sha512-ds6TceMsh77Fs0Mq0Vap6Y72JbGWB8Bay4DrnJlf5d9ui2RSe1wis13oQm+XhguOeH1HUfLGzaDAoupTUtgabw==

typescript@^3.7.5:
  version "3.8.3"
  resolved "https://registry.yarnpkg.com/typescript/-/typescript-3.8.3.tgz#409eb8544ea0335711205869ec458ab109ee1061"
  integrity sha512-MYlEfn5VrLNsgudQTVJeNaQFUAI7DkhnOjdpAp4T+ku1TfQClewlbSuTVHiA+8skNBgaf02TL/kLOvig4y3G8w==

vsls@0.3.1291:
  version "0.3.1291"
  resolved "https://registry.yarnpkg.com/vsls/-/vsls-0.3.1291.tgz#55928c363b24d39a5d03d8e946ba85d7dcec3e38"
  integrity sha512-8yJPN9p7k+XYyczOVtQmpun4K1CRDsw/hdnIzT/c40r5bIkpptfsBlHmmLemoIV+CAHvrTLdWKEf5OtRvdcn9A==
